
Microsoft Visual Studio Solution File, Format Version 12.00
# Visual Studio 14
VisualStudioVersion = 14.0.25420.1
MinimumVisualStudioVersion = 10.0.40219.1
Project("{2150E333-8FDC-42A3-9474-1A3956D46DE8}") = "FrontEnd", "FrontEnd", "{41F17F84-96A7-4DAC-ADF6-50E1299127A2}"
EndProject
Project("{2150E333-8FDC-42A3-9474-1A3956D46DE8}") = "BakcEnd", "BakcEnd", "{15ABE9FA-34E4-4850-A646-40BD36B332BB}"
EndProject
Project("{2150E333-8FDC-42A3-9474-1A3956D46DE8}") = "Utility", "Utility", "{7ACFC9BB-DBA9-42BA-A896-DDE6FB4A54CA}"
EndProject
Project("{FAE04EC0-301F-11D3-BF4B-00C04F79EFBC}") = "Proyect_Apdayc", "FrontEnd\Proyect_Apdayc\Proyect_Apdayc.csproj", "{F9BEF67A-B944-4E3C-81AB-CF4DC603B099}"
EndProject
Project("{2150E333-8FDC-42A3-9474-1A3956D46DE8}") = "Domain", "Domain", "{7EF32B92-6C1C-4047-882A-F997E105867C}"
EndProject
Project("{2150E333-8FDC-42A3-9474-1A3956D46DE8}") = "Repository", "Repository", "{98C360A9-7868-4F91-B0D7-905877180370}"
EndProject
Project("{2150E333-8FDC-42A3-9474-1A3956D46DE8}") = "Service", "Service", "{FA0BF359-386A-462F-9BDA-08AD147BF9A1}"
EndProject
Project("{FAE04EC0-301F-11D3-BF4B-00C04F79EFBC}") = "SGRDA.Entities", "SGRDA.Entities\SGRDA.Entities.csproj", "{1C410E8F-CED0-4F59-A3C5-7D8C0B7A980A}"
EndProject
Project("{FAE04EC0-301F-11D3-BF4B-00C04F79EFBC}") = "SGRDA.BL", "SGRDA.BL\SGRDA.BL.csproj", "{4924CF81-83C4-421D-99F3-39F82513A26C}"
EndProject
Project("{FAE04EC0-301F-11D3-BF4B-00C04F79EFBC}") = "SGRDA.Utility", "SGRDA.Utility\SGRDA.Utility.csproj", "{2029E4E7-373F-4214-80D0-67EABEF6DED2}"
EndProject
Project("{FAE04EC0-301F-11D3-BF4B-00C04F79EFBC}") = "SGRDA.DA", "SGRDA.DA\SGRDA.DA.csproj", "{A9D03476-80E7-4F4F-9856-45CAACF3F780}"
EndProject
Project("{2150E333-8FDC-42A3-9474-1A3956D46DE8}") = "GlobalVars", "GlobalVars", "{E5088F55-6D44-46B8-8407-CB5E75203169}"
EndProject
Project("{FAE04EC0-301F-11D3-BF4B-00C04F79EFBC}") = "GlobalVars", "GlobalVars\GlobalVars.csproj", "{164AEF80-CBFE-41CF-A42A-FA5EEBEF6104}"
EndProject
Project("{2150E333-8FDC-42A3-9474-1A3956D46DE8}") = "ValidationProperties", "ValidationProperties", "{C737B406-652E-4A02-AD34-9881A22F8440}"
EndProject
Project("{FAE04EC0-301F-11D3-BF4B-00C04F79EFBC}") = "Validation", "Validation\Validation.csproj", "{3C645E3B-EDCD-4A4A-AA3D-F4783FC6F9B5}"
EndProject
Project("{FAE04EC0-301F-11D3-BF4B-00C04F79EFBC}") = "SGRDA.Documento", "SGRDA.Documento\SGRDA.Documento.csproj", "{689A7365-08B6-49F8-B319-7372AF0F5979}"
EndProject
Project("{FAE04EC0-301F-11D3-BF4B-00C04F79EFBC}") = "SGRDA.Test", "SGRDA.Test\SGRDA.Test.csproj", "{007F36B9-1D19-4A26-946F-B07BCF004282}"
EndProject
Project("{FAE04EC0-301F-11D3-BF4B-00C04F79EFBC}") = "SGRDA.Servicios", "SGRDA.Servicios\SGRDA.Servicios.csproj", "{5A251F31-D219-4056-9787-32D95F3C3C3D}"
EndProject
Project("{FAE04EC0-301F-11D3-BF4B-00C04F79EFBC}") = "SGRDA.Servicios.Proxy", "SGRDA.Servicios.Proxy\SGRDA.Servicios.Proxy.csproj", "{95CCADA8-44A7-4D3E-9E76-1FA35AE8FF83}"
EndProject
Project("{2150E333-8FDC-42A3-9474-1A3956D46DE8}") = "ServicioWin", "ServicioWin", "{3AE56FFE-CC0F-49A0-BAAD-C4F9A3ADEA10}"
EndProject
Project("{FAE04EC0-301F-11D3-BF4B-00C04F79EFBC}") = "SGRDA.Servicio.PrintLocal", "SGRDA.Servicio.PrintLocal\SGRDA.Servicio.PrintLocal.csproj", "{9C7ACA45-A427-4B55-8D33-4D86182F190C}"
EndProject
Project("{6141683F-8A12-4E36-9623-2EB02B2C2303}") = "Setup1", "Setup1\Setup1.isproj", "{636C3B65-8D82-4F19-BBBB-DC1DE996B8AB}"
EndProject
Project("{2150E333-8FDC-42A3-9474-1A3956D46DE8}") = "Componentes", "Componentes", "{FEC784FA-6AB2-479C-8F5A-DCB656B2B699}"
EndProject
Project("{FAE04EC0-301F-11D3-BF4B-00C04F79EFBC}") = "SGRD.Componente.Integracion", "SGRD.Componente.Integracion\SGRD.Componente.Integracion.csproj", "{C2F640BA-1D48-4F5F-A5E1-27C0F8FB384C}"
EndProject
Project("{FAE04EC0-301F-11D3-BF4B-00C04F79EFBC}") = "SGRDA.Servicio.WFCambioEstadoRadio", "SGRDA.Servicio.WFCambioEstadoRadio\SGRDA.Servicio.WFCambioEstadoRadio.csproj", "{0D4DAB98-944A-47B8-9CA1-608A5665C461}"
EndProject
Project("{6141683F-8A12-4E36-9623-2EB02B2C2303}") = "SGRDA.Servicio.WFCambioEstadoRadio.Install", "SGRDA.Servicio.WFCambioEstadoRadio.Install\SGRDA.Servicio.WFCambioEstadoRadio.Install.isproj", "{5991081B-C8EF-4FDC-8211-F0ABA76805A1}"
EndProject
Project("{FAE04EC0-301F-11D3-BF4B-00C04F79EFBC}") = "SGRDA.Servicio.WFCambioEstadoTv", "SGRDA.Servicio.WFCambioEstadoTv\SGRDA.Servicio.WFCambioEstadoTv.csproj", "{A6D30FAF-C039-440E-B561-E2162A61E6FB}"
EndProject
Project("{6141683F-8A12-4E36-9623-2EB02B2C2303}") = "SGRDA.Servicio.WFCambioEstadoTv.Install", "SGRDA.Servicio.WFCambioEstadoTv.Install\SGRDA.Servicio.WFCambioEstadoTv.Install.isproj", "{12D1F0CF-3655-406D-9A02-817DFF2549A1}"
EndProject
Global
	GlobalSection(SubversionScc) = preSolution
		Svn-Managed = True
		Manager = AnkhSVN - Subversion Support for Visual Studio
	EndGlobalSection
	GlobalSection(SolutionConfigurationPlatforms) = preSolution
		CD_ROM|Any CPU = CD_ROM|Any CPU
		Debug|Any CPU = Debug|Any CPU
		DVD-5|Any CPU = DVD-5|Any CPU
		Release|Any CPU = Release|Any CPU
		SingleImage|Any CPU = SingleImage|Any CPU
	EndGlobalSection
	GlobalSection(ProjectConfigurationPlatforms) = postSolution
		{F9BEF67A-B944-4E3C-81AB-CF4DC603B099}.CD_ROM|Any CPU.ActiveCfg = Release|Any CPU
		{F9BEF67A-B944-4E3C-81AB-CF4DC603B099}.CD_ROM|Any CPU.Build.0 = Release|Any CPU
		{F9BEF67A-B944-4E3C-81AB-CF4DC603B099}.Debug|Any CPU.ActiveCfg = Debug|Any CPU
		{F9BEF67A-B944-4E3C-81AB-CF4DC603B099}.Debug|Any CPU.Build.0 = Debug|Any CPU
		{F9BEF67A-B944-4E3C-81AB-CF4DC603B099}.DVD-5|Any CPU.ActiveCfg = Debug|Any CPU
		{F9BEF67A-B944-4E3C-81AB-CF4DC603B099}.DVD-5|Any CPU.Build.0 = Debug|Any CPU
		{F9BEF67A-B944-4E3C-81AB-CF4DC603B099}.Release|Any CPU.ActiveCfg = Release|Any CPU
		{F9BEF67A-B944-4E3C-81AB-CF4DC603B099}.Release|Any CPU.Build.0 = Release|Any CPU
		{F9BEF67A-B944-4E3C-81AB-CF4DC603B099}.SingleImage|Any CPU.ActiveCfg = Release|Any CPU
		{F9BEF67A-B944-4E3C-81AB-CF4DC603B099}.SingleImage|Any CPU.Build.0 = Release|Any CPU
		{1C410E8F-CED0-4F59-A3C5-7D8C0B7A980A}.CD_ROM|Any CPU.ActiveCfg = Release|Any CPU
		{1C410E8F-CED0-4F59-A3C5-7D8C0B7A980A}.CD_ROM|Any CPU.Build.0 = Release|Any CPU
		{1C410E8F-CED0-4F59-A3C5-7D8C0B7A980A}.Debug|Any CPU.ActiveCfg = Debug|Any CPU
		{1C410E8F-CED0-4F59-A3C5-7D8C0B7A980A}.Debug|Any CPU.Build.0 = Debug|Any CPU
		{1C410E8F-CED0-4F59-A3C5-7D8C0B7A980A}.DVD-5|Any CPU.ActiveCfg = Debug|Any CPU
		{1C410E8F-CED0-4F59-A3C5-7D8C0B7A980A}.DVD-5|Any CPU.Build.0 = Debug|Any CPU
		{1C410E8F-CED0-4F59-A3C5-7D8C0B7A980A}.Release|Any CPU.ActiveCfg = Release|Any CPU
		{1C410E8F-CED0-4F59-A3C5-7D8C0B7A980A}.Release|Any CPU.Build.0 = Release|Any CPU
		{1C410E8F-CED0-4F59-A3C5-7D8C0B7A980A}.SingleImage|Any CPU.ActiveCfg = Release|Any CPU
		{1C410E8F-CED0-4F59-A3C5-7D8C0B7A980A}.SingleImage|Any CPU.Build.0 = Release|Any CPU
		{4924CF81-83C4-421D-99F3-39F82513A26C}.CD_ROM|Any CPU.ActiveCfg = Release|Any CPU
		{4924CF81-83C4-421D-99F3-39F82513A26C}.CD_ROM|Any CPU.Build.0 = Release|Any CPU
		{4924CF81-83C4-421D-99F3-39F82513A26C}.Debug|Any CPU.ActiveCfg = Debug|Any CPU
		{4924CF81-83C4-421D-99F3-39F82513A26C}.Debug|Any CPU.Build.0 = Debug|Any CPU
		{4924CF81-83C4-421D-99F3-39F82513A26C}.DVD-5|Any CPU.ActiveCfg = Debug|Any CPU
		{4924CF81-83C4-421D-99F3-39F82513A26C}.DVD-5|Any CPU.Build.0 = Debug|Any CPU
		{4924CF81-83C4-421D-99F3-39F82513A26C}.Release|Any CPU.ActiveCfg = Release|Any CPU
		{4924CF81-83C4-421D-99F3-39F82513A26C}.Release|Any CPU.Build.0 = Release|Any CPU
		{4924CF81-83C4-421D-99F3-39F82513A26C}.SingleImage|Any CPU.ActiveCfg = Release|Any CPU
		{4924CF81-83C4-421D-99F3-39F82513A26C}.SingleImage|Any CPU.Build.0 = Release|Any CPU
		{2029E4E7-373F-4214-80D0-67EABEF6DED2}.CD_ROM|Any CPU.ActiveCfg = Release|Any CPU
		{2029E4E7-373F-4214-80D0-67EABEF6DED2}.CD_ROM|Any CPU.Build.0 = Release|Any CPU
		{2029E4E7-373F-4214-80D0-67EABEF6DED2}.Debug|Any CPU.ActiveCfg = Debug|Any CPU
		{2029E4E7-373F-4214-80D0-67EABEF6DED2}.Debug|Any CPU.Build.0 = Debug|Any CPU
		{2029E4E7-373F-4214-80D0-67EABEF6DED2}.DVD-5|Any CPU.ActiveCfg = Debug|Any CPU
		{2029E4E7-373F-4214-80D0-67EABEF6DED2}.DVD-5|Any CPU.Build.0 = Debug|Any CPU
		{2029E4E7-373F-4214-80D0-67EABEF6DED2}.Release|Any CPU.ActiveCfg = Release|Any CPU
		{2029E4E7-373F-4214-80D0-67EABEF6DED2}.Release|Any CPU.Build.0 = Release|Any CPU
		{2029E4E7-373F-4214-80D0-67EABEF6DED2}.SingleImage|Any CPU.ActiveCfg = Release|Any CPU
		{2029E4E7-373F-4214-80D0-67EABEF6DED2}.SingleImage|Any CPU.Build.0 = Release|Any CPU
		{A9D03476-80E7-4F4F-9856-45CAACF3F780}.CD_ROM|Any CPU.ActiveCfg = Release|Any CPU
		{A9D03476-80E7-4F4F-9856-45CAACF3F780}.CD_ROM|Any CPU.Build.0 = Release|Any CPU
		{A9D03476-80E7-4F4F-9856-45CAACF3F780}.Debug|Any CPU.ActiveCfg = Debug|Any CPU
		{A9D03476-80E7-4F4F-9856-45CAACF3F780}.Debug|Any CPU.Build.0 = Debug|Any CPU
		{A9D03476-80E7-4F4F-9856-45CAACF3F780}.DVD-5|Any CPU.ActiveCfg = Debug|Any CPU
		{A9D03476-80E7-4F4F-9856-45CAACF3F780}.DVD-5|Any CPU.Build.0 = Debug|Any CPU
		{A9D03476-80E7-4F4F-9856-45CAACF3F780}.Release|Any CPU.ActiveCfg = Release|Any CPU
		{A9D03476-80E7-4F4F-9856-45CAACF3F780}.Release|Any CPU.Build.0 = Release|Any CPU
		{A9D03476-80E7-4F4F-9856-45CAACF3F780}.SingleImage|Any CPU.ActiveCfg = Release|Any CPU
		{A9D03476-80E7-4F4F-9856-45CAACF3F780}.SingleImage|Any CPU.Build.0 = Release|Any CPU
		{164AEF80-CBFE-41CF-A42A-FA5EEBEF6104}.CD_ROM|Any CPU.ActiveCfg = Release|Any CPU
		{164AEF80-CBFE-41CF-A42A-FA5EEBEF6104}.CD_ROM|Any CPU.Build.0 = Release|Any CPU
		{164AEF80-CBFE-41CF-A42A-FA5EEBEF6104}.Debug|Any CPU.ActiveCfg = Debug|Any CPU
		{164AEF80-CBFE-41CF-A42A-FA5EEBEF6104}.Debug|Any CPU.Build.0 = Debug|Any CPU
		{164AEF80-CBFE-41CF-A42A-FA5EEBEF6104}.DVD-5|Any CPU.ActiveCfg = Debug|Any CPU
		{164AEF80-CBFE-41CF-A42A-FA5EEBEF6104}.DVD-5|Any CPU.Build.0 = Debug|Any CPU
		{164AEF80-CBFE-41CF-A42A-FA5EEBEF6104}.Release|Any CPU.ActiveCfg = Release|Any CPU
		{164AEF80-CBFE-41CF-A42A-FA5EEBEF6104}.Release|Any CPU.Build.0 = Release|Any CPU
		{164AEF80-CBFE-41CF-A42A-FA5EEBEF6104}.SingleImage|Any CPU.ActiveCfg = Release|Any CPU
		{164AEF80-CBFE-41CF-A42A-FA5EEBEF6104}.SingleImage|Any CPU.Build.0 = Release|Any CPU
		{3C645E3B-EDCD-4A4A-AA3D-F4783FC6F9B5}.CD_ROM|Any CPU.ActiveCfg = Release|Any CPU
		{3C645E3B-EDCD-4A4A-AA3D-F4783FC6F9B5}.CD_ROM|Any CPU.Build.0 = Release|Any CPU
		{3C645E3B-EDCD-4A4A-AA3D-F4783FC6F9B5}.Debug|Any CPU.ActiveCfg = Debug|Any CPU
		{3C645E3B-EDCD-4A4A-AA3D-F4783FC6F9B5}.Debug|Any CPU.Build.0 = Debug|Any CPU
		{3C645E3B-EDCD-4A4A-AA3D-F4783FC6F9B5}.DVD-5|Any CPU.ActiveCfg = Debug|Any CPU
		{3C645E3B-EDCD-4A4A-AA3D-F4783FC6F9B5}.DVD-5|Any CPU.Build.0 = Debug|Any CPU
		{3C645E3B-EDCD-4A4A-AA3D-F4783FC6F9B5}.Release|Any CPU.ActiveCfg = Release|Any CPU
		{3C645E3B-EDCD-4A4A-AA3D-F4783FC6F9B5}.Release|Any CPU.Build.0 = Release|Any CPU
		{3C645E3B-EDCD-4A4A-AA3D-F4783FC6F9B5}.SingleImage|Any CPU.ActiveCfg = Release|Any CPU
		{3C645E3B-EDCD-4A4A-AA3D-F4783FC6F9B5}.SingleImage|Any CPU.Build.0 = Release|Any CPU
		{689A7365-08B6-49F8-B319-7372AF0F5979}.CD_ROM|Any CPU.ActiveCfg = Release|Any CPU
		{689A7365-08B6-49F8-B319-7372AF0F5979}.CD_ROM|Any CPU.Build.0 = Release|Any CPU
		{689A7365-08B6-49F8-B319-7372AF0F5979}.Debug|Any CPU.ActiveCfg = Debug|Any CPU
		{689A7365-08B6-49F8-B319-7372AF0F5979}.Debug|Any CPU.Build.0 = Debug|Any CPU
		{689A7365-08B6-49F8-B319-7372AF0F5979}.DVD-5|Any CPU.ActiveCfg = Debug|Any CPU
		{689A7365-08B6-49F8-B319-7372AF0F5979}.DVD-5|Any CPU.Build.0 = Debug|Any CPU
		{689A7365-08B6-49F8-B319-7372AF0F5979}.Release|Any CPU.ActiveCfg = Release|Any CPU
		{689A7365-08B6-49F8-B319-7372AF0F5979}.Release|Any CPU.Build.0 = Release|Any CPU
		{689A7365-08B6-49F8-B319-7372AF0F5979}.SingleImage|Any CPU.ActiveCfg = Release|Any CPU
		{689A7365-08B6-49F8-B319-7372AF0F5979}.SingleImage|Any CPU.Build.0 = Release|Any CPU
		{007F36B9-1D19-4A26-946F-B07BCF004282}.CD_ROM|Any CPU.ActiveCfg = Release|Any CPU
		{007F36B9-1D19-4A26-946F-B07BCF004282}.CD_ROM|Any CPU.Build.0 = Release|Any CPU
		{007F36B9-1D19-4A26-946F-B07BCF004282}.Debug|Any CPU.ActiveCfg = Debug|Any CPU
		{007F36B9-1D19-4A26-946F-B07BCF004282}.Debug|Any CPU.Build.0 = Debug|Any CPU
		{007F36B9-1D19-4A26-946F-B07BCF004282}.DVD-5|Any CPU.ActiveCfg = Debug|Any CPU
		{007F36B9-1D19-4A26-946F-B07BCF004282}.DVD-5|Any CPU.Build.0 = Debug|Any CPU
		{007F36B9-1D19-4A26-946F-B07BCF004282}.Release|Any CPU.ActiveCfg = Release|Any CPU
		{007F36B9-1D19-4A26-946F-B07BCF004282}.Release|Any CPU.Build.0 = Release|Any CPU
		{007F36B9-1D19-4A26-946F-B07BCF004282}.SingleImage|Any CPU.ActiveCfg = Release|Any CPU
		{007F36B9-1D19-4A26-946F-B07BCF004282}.SingleImage|Any CPU.Build.0 = Release|Any CPU
		{5A251F31-D219-4056-9787-32D95F3C3C3D}.CD_ROM|Any CPU.ActiveCfg = Release|Any CPU
		{5A251F31-D219-4056-9787-32D95F3C3C3D}.CD_ROM|Any CPU.Build.0 = Release|Any CPU
		{5A251F31-D219-4056-9787-32D95F3C3C3D}.Debug|Any CPU.ActiveCfg = Debug|Any CPU
		{5A251F31-D219-4056-9787-32D95F3C3C3D}.Debug|Any CPU.Build.0 = Debug|Any CPU
		{5A251F31-D219-4056-9787-32D95F3C3C3D}.DVD-5|Any CPU.ActiveCfg = Debug|Any CPU
		{5A251F31-D219-4056-9787-32D95F3C3C3D}.DVD-5|Any CPU.Build.0 = Debug|Any CPU
		{5A251F31-D219-4056-9787-32D95F3C3C3D}.Release|Any CPU.ActiveCfg = Release|Any CPU
		{5A251F31-D219-4056-9787-32D95F3C3C3D}.Release|Any CPU.Build.0 = Release|Any CPU
		{5A251F31-D219-4056-9787-32D95F3C3C3D}.SingleImage|Any CPU.ActiveCfg = Release|Any CPU
		{5A251F31-D219-4056-9787-32D95F3C3C3D}.SingleImage|Any CPU.Build.0 = Release|Any CPU
		{95CCADA8-44A7-4D3E-9E76-1FA35AE8FF83}.CD_ROM|Any CPU.ActiveCfg = Release|Any CPU
		{95CCADA8-44A7-4D3E-9E76-1FA35AE8FF83}.CD_ROM|Any CPU.Build.0 = Release|Any CPU
		{95CCADA8-44A7-4D3E-9E76-1FA35AE8FF83}.Debug|Any CPU.ActiveCfg = Debug|Any CPU
		{95CCADA8-44A7-4D3E-9E76-1FA35AE8FF83}.Debug|Any CPU.Build.0 = Debug|Any CPU
		{95CCADA8-44A7-4D3E-9E76-1FA35AE8FF83}.DVD-5|Any CPU.ActiveCfg = Debug|Any CPU
		{95CCADA8-44A7-4D3E-9E76-1FA35AE8FF83}.DVD-5|Any CPU.Build.0 = Debug|Any CPU
		{95CCADA8-44A7-4D3E-9E76-1FA35AE8FF83}.Release|Any CPU.ActiveCfg = Release|Any CPU
		{95CCADA8-44A7-4D3E-9E76-1FA35AE8FF83}.Release|Any CPU.Build.0 = Release|Any CPU
		{95CCADA8-44A7-4D3E-9E76-1FA35AE8FF83}.SingleImage|Any CPU.ActiveCfg = Release|Any CPU
		{95CCADA8-44A7-4D3E-9E76-1FA35AE8FF83}.SingleImage|Any CPU.Build.0 = Release|Any CPU
		{9C7ACA45-A427-4B55-8D33-4D86182F190C}.CD_ROM|Any CPU.ActiveCfg = Release|Any CPU
		{9C7ACA45-A427-4B55-8D33-4D86182F190C}.CD_ROM|Any CPU.Build.0 = Release|Any CPU
		{9C7ACA45-A427-4B55-8D33-4D86182F190C}.Debug|Any CPU.ActiveCfg = Debug|Any CPU
		{9C7ACA45-A427-4B55-8D33-4D86182F190C}.Debug|Any CPU.Build.0 = Debug|Any CPU
		{9C7ACA45-A427-4B55-8D33-4D86182F190C}.DVD-5|Any CPU.ActiveCfg = Debug|Any CPU
		{9C7ACA45-A427-4B55-8D33-4D86182F190C}.DVD-5|Any CPU.Build.0 = Debug|Any CPU
		{9C7ACA45-A427-4B55-8D33-4D86182F190C}.Release|Any CPU.ActiveCfg = Release|Any CPU
		{9C7ACA45-A427-4B55-8D33-4D86182F190C}.Release|Any CPU.Build.0 = Release|Any CPU
		{9C7ACA45-A427-4B55-8D33-4D86182F190C}.SingleImage|Any CPU.ActiveCfg = Release|Any CPU
		{9C7ACA45-A427-4B55-8D33-4D86182F190C}.SingleImage|Any CPU.Build.0 = Release|Any CPU
		{636C3B65-8D82-4F19-BBBB-DC1DE996B8AB}.CD_ROM|Any CPU.ActiveCfg = CD_ROM
		{636C3B65-8D82-4F19-BBBB-DC1DE996B8AB}.CD_ROM|Any CPU.Build.0 = CD_ROM
		{636C3B65-8D82-4F19-BBBB-DC1DE996B8AB}.Debug|Any CPU.ActiveCfg = DVD-5
		{636C3B65-8D82-4F19-BBBB-DC1DE996B8AB}.Debug|Any CPU.Build.0 = DVD-5
		{636C3B65-8D82-4F19-BBBB-DC1DE996B8AB}.DVD-5|Any CPU.ActiveCfg = DVD-5
		{636C3B65-8D82-4F19-BBBB-DC1DE996B8AB}.DVD-5|Any CPU.Build.0 = DVD-5
		{636C3B65-8D82-4F19-BBBB-DC1DE996B8AB}.Release|Any CPU.ActiveCfg = SingleImage
		{636C3B65-8D82-4F19-BBBB-DC1DE996B8AB}.Release|Any CPU.Build.0 = SingleImage
		{636C3B65-8D82-4F19-BBBB-DC1DE996B8AB}.SingleImage|Any CPU.ActiveCfg = SingleImage
		{636C3B65-8D82-4F19-BBBB-DC1DE996B8AB}.SingleImage|Any CPU.Build.0 = SingleImage
		{C2F640BA-1D48-4F5F-A5E1-27C0F8FB384C}.CD_ROM|Any CPU.ActiveCfg = Release|Any CPU
		{C2F640BA-1D48-4F5F-A5E1-27C0F8FB384C}.CD_ROM|Any CPU.Build.0 = Release|Any CPU
		{C2F640BA-1D48-4F5F-A5E1-27C0F8FB384C}.Debug|Any CPU.ActiveCfg = Debug|Any CPU
		{C2F640BA-1D48-4F5F-A5E1-27C0F8FB384C}.Debug|Any CPU.Build.0 = Debug|Any CPU
		{C2F640BA-1D48-4F5F-A5E1-27C0F8FB384C}.DVD-5|Any CPU.ActiveCfg = Debug|Any CPU
		{C2F640BA-1D48-4F5F-A5E1-27C0F8FB384C}.DVD-5|Any CPU.Build.0 = Debug|Any CPU
		{C2F640BA-1D48-4F5F-A5E1-27C0F8FB384C}.Release|Any CPU.ActiveCfg = Release|Any CPU
		{C2F640BA-1D48-4F5F-A5E1-27C0F8FB384C}.Release|Any CPU.Build.0 = Release|Any CPU
		{C2F640BA-1D48-4F5F-A5E1-27C0F8FB384C}.SingleImage|Any CPU.ActiveCfg = Release|Any CPU
		{C2F640BA-1D48-4F5F-A5E1-27C0F8FB384C}.SingleImage|Any CPU.Build.0 = Release|Any CPU
		{0D4DAB98-944A-47B8-9CA1-608A5665C461}.CD_ROM|Any CPU.ActiveCfg = Release|Any CPU
		{0D4DAB98-944A-47B8-9CA1-608A5665C461}.CD_ROM|Any CPU.Build.0 = Release|Any CPU
		{0D4DAB98-944A-47B8-9CA1-608A5665C461}.Debug|Any CPU.ActiveCfg = Debug|Any CPU
		{0D4DAB98-944A-47B8-9CA1-608A5665C461}.Debug|Any CPU.Build.0 = Debug|Any CPU
		{0D4DAB98-944A-47B8-9CA1-608A5665C461}.DVD-5|Any CPU.ActiveCfg = Debug|Any CPU
		{0D4DAB98-944A-47B8-9CA1-608A5665C461}.DVD-5|Any CPU.Build.0 = Debug|Any CPU
		{0D4DAB98-944A-47B8-9CA1-608A5665C461}.Release|Any CPU.ActiveCfg = Release|Any CPU
		{0D4DAB98-944A-47B8-9CA1-608A5665C461}.Release|Any CPU.Build.0 = Release|Any CPU
		{0D4DAB98-944A-47B8-9CA1-608A5665C461}.SingleImage|Any CPU.ActiveCfg = Release|Any CPU
		{0D4DAB98-944A-47B8-9CA1-608A5665C461}.SingleImage|Any CPU.Build.0 = Release|Any CPU
		{5991081B-C8EF-4FDC-8211-F0ABA76805A1}.CD_ROM|Any CPU.ActiveCfg = CD_ROM
		{5991081B-C8EF-4FDC-8211-F0ABA76805A1}.CD_ROM|Any CPU.Build.0 = CD_ROM
		{5991081B-C8EF-4FDC-8211-F0ABA76805A1}.Debug|Any CPU.ActiveCfg = DVD-5
		{5991081B-C8EF-4FDC-8211-F0ABA76805A1}.Debug|Any CPU.Build.0 = DVD-5
		{5991081B-C8EF-4FDC-8211-F0ABA76805A1}.DVD-5|Any CPU.ActiveCfg = DVD-5
		{5991081B-C8EF-4FDC-8211-F0ABA76805A1}.DVD-5|Any CPU.Build.0 = DVD-5
		{5991081B-C8EF-4FDC-8211-F0ABA76805A1}.Release|Any CPU.ActiveCfg = SingleImage
		{5991081B-C8EF-4FDC-8211-F0ABA76805A1}.Release|Any CPU.Build.0 = SingleImage
		{5991081B-C8EF-4FDC-8211-F0ABA76805A1}.SingleImage|Any CPU.ActiveCfg = SingleImage
		{5991081B-C8EF-4FDC-8211-F0ABA76805A1}.SingleImage|Any CPU.Build.0 = SingleImage
		{A6D30FAF-C039-440E-B561-E2162A61E6FB}.CD_ROM|Any CPU.ActiveCfg = Release|Any CPU
		{A6D30FAF-C039-440E-B561-E2162A61E6FB}.CD_ROM|Any CPU.Build.0 = Release|Any CPU
		{A6D30FAF-C039-440E-B561-E2162A61E6FB}.Debug|Any CPU.ActiveCfg = Debug|Any CPU
		{A6D30FAF-C039-440E-B561-E2162A61E6FB}.Debug|Any CPU.Build.0 = Debug|Any CPU
		{A6D30FAF-C039-440E-B561-E2162A61E6FB}.DVD-5|Any CPU.ActiveCfg = Debug|Any CPU
		{A6D30FAF-C039-440E-B561-E2162A61E6FB}.DVD-5|Any CPU.Build.0 = Debug|Any CPU
		{A6D30FAF-C039-440E-B561-E2162A61E6FB}.Release|Any CPU.ActiveCfg = Release|Any CPU
		{A6D30FAF-C039-440E-B561-E2162A61E6FB}.Release|Any CPU.Build.0 = Release|Any CPU
		{A6D30FAF-C039-440E-B561-E2162A61E6FB}.SingleImage|Any CPU.ActiveCfg = Release|Any CPU
		{A6D30FAF-C039-440E-B561-E2162A61E6FB}.SingleImage|Any CPU.Build.0 = Release|Any CPU
		{12D1F0CF-3655-406D-9A02-817DFF2549A1}.CD_ROM|Any CPU.ActiveCfg = CD_ROM
		{12D1F0CF-3655-406D-9A02-817DFF2549A1}.CD_ROM|Any CPU.Build.0 = CD_ROM
		{12D1F0CF-3655-406D-9A02-817DFF2549A1}.Debug|Any CPU.ActiveCfg = DVD-5
		{12D1F0CF-3655-406D-9A02-817DFF2549A1}.Debug|Any CPU.Build.0 = DVD-5
		{12D1F0CF-3655-406D-9A02-817DFF2549A1}.DVD-5|Any CPU.ActiveCfg = DVD-5
		{12D1F0CF-3655-406D-9A02-817DFF2549A1}.DVD-5|Any CPU.Build.0 = DVD-5
		{12D1F0CF-3655-406D-9A02-817DFF2549A1}.Release|Any CPU.ActiveCfg = SingleImage
		{12D1F0CF-3655-406D-9A02-817DFF2549A1}.Release|Any CPU.Build.0 = SingleImage
		{12D1F0CF-3655-406D-9A02-817DFF2549A1}.SingleImage|Any CPU.ActiveCfg = SingleImage
		{12D1F0CF-3655-406D-9A02-817DFF2549A1}.SingleImage|Any CPU.Build.0 = SingleImage
	EndGlobalSection
	GlobalSection(SolutionProperties) = preSolution
		HideSolutionNode = FALSE
	EndGlobalSection
	GlobalSection(NestedProjects) = preSolution
		{F9BEF67A-B944-4E3C-81AB-CF4DC603B099} = {41F17F84-96A7-4DAC-ADF6-50E1299127A2}
		{7EF32B92-6C1C-4047-882A-F997E105867C} = {15ABE9FA-34E4-4850-A646-40BD36B332BB}
		{98C360A9-7868-4F91-B0D7-905877180370} = {15ABE9FA-34E4-4850-A646-40BD36B332BB}
		{FA0BF359-386A-462F-9BDA-08AD147BF9A1} = {15ABE9FA-34E4-4850-A646-40BD36B332BB}
		{1C410E8F-CED0-4F59-A3C5-7D8C0B7A980A} = {7EF32B92-6C1C-4047-882A-F997E105867C}
		{4924CF81-83C4-421D-99F3-39F82513A26C} = {7EF32B92-6C1C-4047-882A-F997E105867C}
		{2029E4E7-373F-4214-80D0-67EABEF6DED2} = {7ACFC9BB-DBA9-42BA-A896-DDE6FB4A54CA}
		{A9D03476-80E7-4F4F-9856-45CAACF3F780} = {98C360A9-7868-4F91-B0D7-905877180370}
		{E5088F55-6D44-46B8-8407-CB5E75203169} = {15ABE9FA-34E4-4850-A646-40BD36B332BB}
		{164AEF80-CBFE-41CF-A42A-FA5EEBEF6104} = {E5088F55-6D44-46B8-8407-CB5E75203169}
		{C737B406-652E-4A02-AD34-9881A22F8440} = {15ABE9FA-34E4-4850-A646-40BD36B332BB}
		{3C645E3B-EDCD-4A4A-AA3D-F4783FC6F9B5} = {C737B406-652E-4A02-AD34-9881A22F8440}
		{689A7365-08B6-49F8-B319-7372AF0F5979} = {7ACFC9BB-DBA9-42BA-A896-DDE6FB4A54CA}
		{007F36B9-1D19-4A26-946F-B07BCF004282} = {7ACFC9BB-DBA9-42BA-A896-DDE6FB4A54CA}
		{5A251F31-D219-4056-9787-32D95F3C3C3D} = {FA0BF359-386A-462F-9BDA-08AD147BF9A1}
		{95CCADA8-44A7-4D3E-9E76-1FA35AE8FF83} = {FA0BF359-386A-462F-9BDA-08AD147BF9A1}
		{9C7ACA45-A427-4B55-8D33-4D86182F190C} = {3AE56FFE-CC0F-49A0-BAAD-C4F9A3ADEA10}
		{636C3B65-8D82-4F19-BBBB-DC1DE996B8AB} = {3AE56FFE-CC0F-49A0-BAAD-C4F9A3ADEA10}
		{C2F640BA-1D48-4F5F-A5E1-27C0F8FB384C} = {FEC784FA-6AB2-479C-8F5A-DCB656B2B699}
		{0D4DAB98-944A-47B8-9CA1-608A5665C461} = {3AE56FFE-CC0F-49A0-BAAD-C4F9A3ADEA10}
		{5991081B-C8EF-4FDC-8211-F0ABA76805A1} = {3AE56FFE-CC0F-49A0-BAAD-C4F9A3ADEA10}
		{A6D30FAF-C039-440E-B561-E2162A61E6FB} = {3AE56FFE-CC0F-49A0-BAAD-C4F9A3ADEA10}
		{12D1F0CF-3655-406D-9A02-817DFF2549A1} = {3AE56FFE-CC0F-49A0-BAAD-C4F9A3ADEA10}
	EndGlobalSection
EndGlobal
